
Microsoft Visual Studio Solution File, Format Version 12.00
# Visual Studio Version 16
VisualStudioVersion = 16.0.30503.244
MinimumVisualStudioVersion = 10.0.40219.1
Project("{FAE04EC0-301F-11D3-BF4B-00C04F79EFBC}") = "OutingGB", "OutingGB\OutingGB.csproj", "{9DBBB7AD-5F7E-414E-AC59-144AD243B3F9}"
EndProject
Global
	GlobalSection(SolutionConfigurationPlatforms) = preSolution
		Debug|Any CPU = Debug|Any CPU
		Release|Any CPU = Release|Any CPU
	EndGlobalSection
	GlobalSection(ProjectConfigurationPlatforms) = postSolution
		{9DBBB7AD-5F7E-414E-AC59-144AD243B3F9}.Debug|Any CPU.ActiveCfg = Debug|Any CPU
		{9DBBB7AD-5F7E-414E-AC59-144AD243B3F9}.Debug|Any CPU.Build.0 = Debug|Any CPU
		{9DBBB7AD-5F7E-414E-AC59-144AD243B3F9}.Release|Any CPU.ActiveCfg = Release|Any CPU
		{9DBBB7AD-5F7E-414E-AC59-144AD243B3F9}.Release|Any CPU.Build.0 = Release|Any CPU
	EndGlobalSection
	GlobalSection(SolutionProperties) = preSolution
		HideSolutionNode = FALSE
	EndGlobalSection
	GlobalSection(ExtensibilityGlobals) = postSolution
		SolutionGuid = {0893436D-B9EF-4B64-B4A8-5334C553AF7E}
	EndGlobalSection
EndGlobal
