
Microsoft Visual Studio Solution File, Format Version 12.00
# Visual Studio Version 16
VisualStudioVersion = 16.0.30503.244
MinimumVisualStudioVersion = 10.0.40219.1
Project("{FAE04EC0-301F-11D3-BF4B-00C04F79EFBC}") = "Claims", "Claims\Claims.csproj", "{B2170A5F-F631-4078-8A47-E69FBE30F7DE}"
EndProject
Global
	GlobalSection(SolutionConfigurationPlatforms) = preSolution
		Debug|Any CPU = Debug|Any CPU
		Release|Any CPU = Release|Any CPU
	EndGlobalSection
	GlobalSection(ProjectConfigurationPlatforms) = postSolution
		{B2170A5F-F631-4078-8A47-E69FBE30F7DE}.Debug|Any CPU.ActiveCfg = Debug|Any CPU
		{B2170A5F-F631-4078-8A47-E69FBE30F7DE}.Debug|Any CPU.Build.0 = Debug|Any CPU
		{B2170A5F-F631-4078-8A47-E69FBE30F7DE}.Release|Any CPU.ActiveCfg = Release|Any CPU
		{B2170A5F-F631-4078-8A47-E69FBE30F7DE}.Release|Any CPU.Build.0 = Release|Any CPU
	EndGlobalSection
	GlobalSection(SolutionProperties) = preSolution
		HideSolutionNode = FALSE
	EndGlobalSection
	GlobalSection(ExtensibilityGlobals) = postSolution
		SolutionGuid = {70ACF2E3-3A21-4C16-8493-084A520610AD}
	EndGlobalSection
EndGlobal
